
Microsoft Visual Studio Solution File, Format Version 12.00
# Visual Studio Version 17
VisualStudioVersion = 17.3.32804.467
MinimumVisualStudioVersion = 10.0.40219.1
Project("{2150E333-8FDC-42A3-9474-1A3956D46DE8}") = "src", "src", "{9611B1F6-EE25-4FE9-BBFD-E08041533CC6}"
EndProject
Project("{2150E333-8FDC-42A3-9474-1A3956D46DE8}") = "tests", "tests", "{7EB0B6A3-F14C-4C26-ADDB-57A4FA65A849}"
EndProject
Project("{2150E333-8FDC-42A3-9474-1A3956D46DE8}") = "corePackages", "corePackages", "{A6F89245-A525-4B03-BB93-A05C144A208F}"
EndProject
Project("{2150E333-8FDC-42A3-9474-1A3956D46DE8}") = "projects", "projects", "{210E1EE8-9409-4CD8-B338-80759AEF7301}"
EndProject
Project("{9A19103F-16F7-4668-BE54-9A1E7A4F7556}") = "Core.Application", "src\corePackages\Core.Application\Core.Application.csproj", "{9558AFBF-8EA1-4DB1-9434-D9926A30ABE0}"
EndProject
Project("{9A19103F-16F7-4668-BE54-9A1E7A4F7556}") = "Core.CrossCuttingConcerns", "src\corePackages\Core.CrossCuttingConcerns\Core.CrossCuttingConcerns.csproj", "{50BD695B-355E-4B7E-91CC-2123C093BB11}"
EndProject
Project("{9A19103F-16F7-4668-BE54-9A1E7A4F7556}") = "Core.ElasticSearch", "src\corePackages\Core.ElasticSearch\Core.ElasticSearch.csproj", "{B6E67273-E560-4484-A847-182CF0D8DF20}"
EndProject
Project("{9A19103F-16F7-4668-BE54-9A1E7A4F7556}") = "Core.Mailing", "src\corePackages\Core.Mailing\Core.Mailing.csproj", "{574C2CAC-FD87-49B0-B468-3E4A336EE5EB}"
EndProject
Project("{9A19103F-16F7-4668-BE54-9A1E7A4F7556}") = "Core.Persistence", "src\corePackages\Core.Persistence\Core.Persistence.csproj", "{1C054426-FACB-4F5A-ADB4-3FC2B6363726}"
EndProject
Project("{9A19103F-16F7-4668-BE54-9A1E7A4F7556}") = "Core.Security", "src\corePackages\Core.Security\Core.Security.csproj", "{153CD5C8-831F-47F7-B9E3-CA6131EA39DF}"
EndProject
Project("{2150E333-8FDC-42A3-9474-1A3956D46DE8}") = "rentACar", "rentACar", "{83CF0737-A1BE-4E29-836C-111797C4137F}"
EndProject
Project("{2150E333-8FDC-42A3-9474-1A3956D46DE8}") = "northwind", "northwind", "{0B6B7DEB-2005-4472-AF77-424D6488CF66}"
EndProject
Project("{9A19103F-16F7-4668-BE54-9A1E7A4F7556}") = "rentACar.Application", "src\projects\rentACar\rentACar.Application\rentACar.Application.csproj", "{F4FA8077-FD7D-4ED2-B7C2-66EAB6E151D8}"
EndProject
Project("{9A19103F-16F7-4668-BE54-9A1E7A4F7556}") = "rentACar.Domain", "src\projects\rentACar\rentACar.Domain\rentACar.Domain.csproj", "{1C48F66B-DBCA-4508-A11C-88D3263A9E64}"
EndProject
Project("{9A19103F-16F7-4668-BE54-9A1E7A4F7556}") = "rentACar.Infrastructure", "src\projects\rentACar\rentACar.Infrastructure\rentACar.Infrastructure.csproj", "{D6913A90-DEC6-4A5B-B877-1BB43E0A6B8C}"
EndProject
Project("{9A19103F-16F7-4668-BE54-9A1E7A4F7556}") = "rentACar.Persistence", "src\projects\rentACar\rentACar.Persistence\rentACar.Persistence.csproj", "{6B646C19-C58C-420C-B3F9-76ACA5774BF0}"
EndProject
Project("{9A19103F-16F7-4668-BE54-9A1E7A4F7556}") = "rentACar.WebAPI", "src\projects\rentACar\rentACar.WebAPI\rentACar.WebAPI.csproj", "{5AC6200E-DEDE-4B13-939D-4013B83C1C50}"
EndProject
Project("{9A19103F-16F7-4668-BE54-9A1E7A4F7556}") = "northwind.Application", "src\projects\northwind\northwind.Application\northwind.Application.csproj", "{F56F92A4-D03F-4A4F-8C34-6AD9E48DFC82}"
EndProject
Project("{9A19103F-16F7-4668-BE54-9A1E7A4F7556}") = "northwind.Domain", "src\projects\northwind\northwind.Domain\northwind.Domain.csproj", "{A5E1DC2C-1423-4FF3-A4C2-69CB452D503B}"
EndProject
Project("{9A19103F-16F7-4668-BE54-9A1E7A4F7556}") = "northwind.Infrastructure", "src\projects\northwind\northwind.Infrastructure\northwind.Infrastructure.csproj", "{D7BEAE38-6C16-4772-BCC9-5E4F32441A10}"
EndProject
Project("{9A19103F-16F7-4668-BE54-9A1E7A4F7556}") = "northwind.Persistence", "src\projects\northwind\northwind.Persistence\northwind.Persistence.csproj", "{D05EA9C7-1658-485C-8A47-F9718914BBDE}"
EndProject
Project("{9A19103F-16F7-4668-BE54-9A1E7A4F7556}") = "northwind.WebAPI", "src\projects\northwind\northwind.WebAPI\northwind.WebAPI.csproj", "{D34AE87D-26F4-4041-9122-11BA6F369902}"
EndProject
Project("{9A19103F-16F7-4668-BE54-9A1E7A4F7556}") = "Core.Helpers", "src\corePackages\Core.Helpers\Core.Helpers.csproj", "{1CFCAFB5-C57F-41F2-BA9D-FB08A341844F}"
EndProject
Project("{9A19103F-16F7-4668-BE54-9A1E7A4F7556}") = "Core.Integration", "src\corePackages\Core.Integration\Core.Integration.csproj", "{6237FA61-EAF4-4611-8A1A-2058CEA3E558}"
EndProject
Project("{9A19103F-16F7-4668-BE54-9A1E7A4F7556}") = "Core.Test", "src\corePackages\Core.Test\Core.Test.csproj", "{DA706187-CF95-4E4C-8736-B2D085EA2606}"
EndProject
Project("{9A19103F-16F7-4668-BE54-9A1E7A4F7556}") = "Application.Tests", "tests\Application.Tests\Application.Tests.csproj", "{E2AD11C3-FEF2-4DE6-B8FA-13ED7FC27B69}"
EndProject
Project("{9A19103F-16F7-4668-BE54-9A1E7A4F7556}") = "Core.BackgroundJob", "src\corePackages\Core.BackgroundJob\Core.BackgroundJob.csproj", "{A6447E6D-305C-4E63-94C7-799E9C8B9B88}"
EndProject
Project("{9A19103F-16F7-4668-BE54-9A1E7A4F7556}") = "Core.Services", "src\corePackages\Core.Services\Core.Services.csproj", "{83CDB116-30BD-44F2-AC3E-F7BFB934A2F9}"
EndProject
Project("{9A19103F-16F7-4668-BE54-9A1E7A4F7556}") = "Core.Domain", "src\corePackages\Core.Domain\Core.Domain.csproj", "{371B6645-DCE6-40B8-83D3-8224271D35D0}"
EndProject
Project("{FAE04EC0-301F-11D3-BF4B-00C04F79EFBC}") = "Core.Utilities", "src\corePackages\Core.Utilities\Core.Utilities.csproj", "{DFE7A755-A50F-4046-B530-BC10155227E9}"
EndProject
Global
	GlobalSection(SolutionConfigurationPlatforms) = preSolution
		Debug|Any CPU = Debug|Any CPU
		Release|Any CPU = Release|Any CPU
	EndGlobalSection
	GlobalSection(ProjectConfigurationPlatforms) = postSolution
		{9558AFBF-8EA1-4DB1-9434-D9926A30ABE0}.Debug|Any CPU.ActiveCfg = Debug|Any CPU
		{9558AFBF-8EA1-4DB1-9434-D9926A30ABE0}.Debug|Any CPU.Build.0 = Debug|Any CPU
		{9558AFBF-8EA1-4DB1-9434-D9926A30ABE0}.Release|Any CPU.ActiveCfg = Release|Any CPU
		{9558AFBF-8EA1-4DB1-9434-D9926A30ABE0}.Release|Any CPU.Build.0 = Release|Any CPU
		{50BD695B-355E-4B7E-91CC-2123C093BB11}.Debug|Any CPU.ActiveCfg = Debug|Any CPU
		{50BD695B-355E-4B7E-91CC-2123C093BB11}.Debug|Any CPU.Build.0 = Debug|Any CPU
		{50BD695B-355E-4B7E-91CC-2123C093BB11}.Release|Any CPU.ActiveCfg = Release|Any CPU
		{50BD695B-355E-4B7E-91CC-2123C093BB11}.Release|Any CPU.Build.0 = Release|Any CPU
		{B6E67273-E560-4484-A847-182CF0D8DF20}.Debug|Any CPU.ActiveCfg = Debug|Any CPU
		{B6E67273-E560-4484-A847-182CF0D8DF20}.Debug|Any CPU.Build.0 = Debug|Any CPU
		{B6E67273-E560-4484-A847-182CF0D8DF20}.Release|Any CPU.ActiveCfg = Release|Any CPU
		{B6E67273-E560-4484-A847-182CF0D8DF20}.Release|Any CPU.Build.0 = Release|Any CPU
		{574C2CAC-FD87-49B0-B468-3E4A336EE5EB}.Debug|Any CPU.ActiveCfg = Debug|Any CPU
		{574C2CAC-FD87-49B0-B468-3E4A336EE5EB}.Debug|Any CPU.Build.0 = Debug|Any CPU
		{574C2CAC-FD87-49B0-B468-3E4A336EE5EB}.Release|Any CPU.ActiveCfg = Release|Any CPU
		{574C2CAC-FD87-49B0-B468-3E4A336EE5EB}.Release|Any CPU.Build.0 = Release|Any CPU
		{1C054426-FACB-4F5A-ADB4-3FC2B6363726}.Debug|Any CPU.ActiveCfg = Debug|Any CPU
		{1C054426-FACB-4F5A-ADB4-3FC2B6363726}.Debug|Any CPU.Build.0 = Debug|Any CPU
		{1C054426-FACB-4F5A-ADB4-3FC2B6363726}.Release|Any CPU.ActiveCfg = Release|Any CPU
		{1C054426-FACB-4F5A-ADB4-3FC2B6363726}.Release|Any CPU.Build.0 = Release|Any CPU
		{153CD5C8-831F-47F7-B9E3-CA6131EA39DF}.Debug|Any CPU.ActiveCfg = Debug|Any CPU
		{153CD5C8-831F-47F7-B9E3-CA6131EA39DF}.Debug|Any CPU.Build.0 = Debug|Any CPU
		{153CD5C8-831F-47F7-B9E3-CA6131EA39DF}.Release|Any CPU.ActiveCfg = Release|Any CPU
		{153CD5C8-831F-47F7-B9E3-CA6131EA39DF}.Release|Any CPU.Build.0 = Release|Any CPU
		{F4FA8077-FD7D-4ED2-B7C2-66EAB6E151D8}.Debug|Any CPU.ActiveCfg = Debug|Any CPU
		{F4FA8077-FD7D-4ED2-B7C2-66EAB6E151D8}.Debug|Any CPU.Build.0 = Debug|Any CPU
		{F4FA8077-FD7D-4ED2-B7C2-66EAB6E151D8}.Release|Any CPU.ActiveCfg = Release|Any CPU
		{F4FA8077-FD7D-4ED2-B7C2-66EAB6E151D8}.Release|Any CPU.Build.0 = Release|Any CPU
		{1C48F66B-DBCA-4508-A11C-88D3263A9E64}.Debug|Any CPU.ActiveCfg = Debug|Any CPU
		{1C48F66B-DBCA-4508-A11C-88D3263A9E64}.Debug|Any CPU.Build.0 = Debug|Any CPU
		{1C48F66B-DBCA-4508-A11C-88D3263A9E64}.Release|Any CPU.ActiveCfg = Release|Any CPU
		{1C48F66B-DBCA-4508-A11C-88D3263A9E64}.Release|Any CPU.Build.0 = Release|Any CPU
		{D6913A90-DEC6-4A5B-B877-1BB43E0A6B8C}.Debug|Any CPU.ActiveCfg = Debug|Any CPU
		{D6913A90-DEC6-4A5B-B877-1BB43E0A6B8C}.Debug|Any CPU.Build.0 = Debug|Any CPU
		{D6913A90-DEC6-4A5B-B877-1BB43E0A6B8C}.Release|Any CPU.ActiveCfg = Release|Any CPU
		{D6913A90-DEC6-4A5B-B877-1BB43E0A6B8C}.Release|Any CPU.Build.0 = Release|Any CPU
		{6B646C19-C58C-420C-B3F9-76ACA5774BF0}.Debug|Any CPU.ActiveCfg = Debug|Any CPU
		{6B646C19-C58C-420C-B3F9-76ACA5774BF0}.Debug|Any CPU.Build.0 = Debug|Any CPU
		{6B646C19-C58C-420C-B3F9-76ACA5774BF0}.Release|Any CPU.ActiveCfg = Release|Any CPU
		{6B646C19-C58C-420C-B3F9-76ACA5774BF0}.Release|Any CPU.Build.0 = Release|Any CPU
		{5AC6200E-DEDE-4B13-939D-4013B83C1C50}.Debug|Any CPU.ActiveCfg = Debug|Any CPU
		{5AC6200E-DEDE-4B13-939D-4013B83C1C50}.Debug|Any CPU.Build.0 = Debug|Any CPU
		{5AC6200E-DEDE-4B13-939D-4013B83C1C50}.Release|Any CPU.ActiveCfg = Release|Any CPU
		{5AC6200E-DEDE-4B13-939D-4013B83C1C50}.Release|Any CPU.Build.0 = Release|Any CPU
		{F56F92A4-D03F-4A4F-8C34-6AD9E48DFC82}.Debug|Any CPU.ActiveCfg = Debug|Any CPU
		{F56F92A4-D03F-4A4F-8C34-6AD9E48DFC82}.Debug|Any CPU.Build.0 = Debug|Any CPU
		{F56F92A4-D03F-4A4F-8C34-6AD9E48DFC82}.Release|Any CPU.ActiveCfg = Release|Any CPU
		{F56F92A4-D03F-4A4F-8C34-6AD9E48DFC82}.Release|Any CPU.Build.0 = Release|Any CPU
		{A5E1DC2C-1423-4FF3-A4C2-69CB452D503B}.Debug|Any CPU.ActiveCfg = Debug|Any CPU
		{A5E1DC2C-1423-4FF3-A4C2-69CB452D503B}.Debug|Any CPU.Build.0 = Debug|Any CPU
		{A5E1DC2C-1423-4FF3-A4C2-69CB452D503B}.Release|Any CPU.ActiveCfg = Release|Any CPU
		{A5E1DC2C-1423-4FF3-A4C2-69CB452D503B}.Release|Any CPU.Build.0 = Release|Any CPU
		{D7BEAE38-6C16-4772-BCC9-5E4F32441A10}.Debug|Any CPU.ActiveCfg = Debug|Any CPU
		{D7BEAE38-6C16-4772-BCC9-5E4F32441A10}.Debug|Any CPU.Build.0 = Debug|Any CPU
		{D7BEAE38-6C16-4772-BCC9-5E4F32441A10}.Release|Any CPU.ActiveCfg = Release|Any CPU
		{D7BEAE38-6C16-4772-BCC9-5E4F32441A10}.Release|Any CPU.Build.0 = Release|Any CPU
		{D05EA9C7-1658-485C-8A47-F9718914BBDE}.Debug|Any CPU.ActiveCfg = Debug|Any CPU
		{D05EA9C7-1658-485C-8A47-F9718914BBDE}.Debug|Any CPU.Build.0 = Debug|Any CPU
		{D05EA9C7-1658-485C-8A47-F9718914BBDE}.Release|Any CPU.ActiveCfg = Release|Any CPU
		{D05EA9C7-1658-485C-8A47-F9718914BBDE}.Release|Any CPU.Build.0 = Release|Any CPU
		{D34AE87D-26F4-4041-9122-11BA6F369902}.Debug|Any CPU.ActiveCfg = Debug|Any CPU
		{D34AE87D-26F4-4041-9122-11BA6F369902}.Debug|Any CPU.Build.0 = Debug|Any CPU
		{D34AE87D-26F4-4041-9122-11BA6F369902}.Release|Any CPU.ActiveCfg = Release|Any CPU
		{D34AE87D-26F4-4041-9122-11BA6F369902}.Release|Any CPU.Build.0 = Release|Any CPU
		{1CFCAFB5-C57F-41F2-BA9D-FB08A341844F}.Debug|Any CPU.ActiveCfg = Debug|Any CPU
		{1CFCAFB5-C57F-41F2-BA9D-FB08A341844F}.Debug|Any CPU.Build.0 = Debug|Any CPU
		{1CFCAFB5-C57F-41F2-BA9D-FB08A341844F}.Release|Any CPU.ActiveCfg = Release|Any CPU
		{1CFCAFB5-C57F-41F2-BA9D-FB08A341844F}.Release|Any CPU.Build.0 = Release|Any CPU
		{6237FA61-EAF4-4611-8A1A-2058CEA3E558}.Debug|Any CPU.ActiveCfg = Debug|Any CPU
		{6237FA61-EAF4-4611-8A1A-2058CEA3E558}.Debug|Any CPU.Build.0 = Debug|Any CPU
		{6237FA61-EAF4-4611-8A1A-2058CEA3E558}.Release|Any CPU.ActiveCfg = Release|Any CPU
		{6237FA61-EAF4-4611-8A1A-2058CEA3E558}.Release|Any CPU.Build.0 = Release|Any CPU
		{DA706187-CF95-4E4C-8736-B2D085EA2606}.Debug|Any CPU.ActiveCfg = Debug|Any CPU
		{DA706187-CF95-4E4C-8736-B2D085EA2606}.Debug|Any CPU.Build.0 = Debug|Any CPU
		{DA706187-CF95-4E4C-8736-B2D085EA2606}.Release|Any CPU.ActiveCfg = Release|Any CPU
		{DA706187-CF95-4E4C-8736-B2D085EA2606}.Release|Any CPU.Build.0 = Release|Any CPU
		{E2AD11C3-FEF2-4DE6-B8FA-13ED7FC27B69}.Debug|Any CPU.ActiveCfg = Debug|Any CPU
		{E2AD11C3-FEF2-4DE6-B8FA-13ED7FC27B69}.Debug|Any CPU.Build.0 = Debug|Any CPU
		{E2AD11C3-FEF2-4DE6-B8FA-13ED7FC27B69}.Release|Any CPU.ActiveCfg = Release|Any CPU
		{E2AD11C3-FEF2-4DE6-B8FA-13ED7FC27B69}.Release|Any CPU.Build.0 = Release|Any CPU
		{A6447E6D-305C-4E63-94C7-799E9C8B9B88}.Debug|Any CPU.ActiveCfg = Debug|Any CPU
		{A6447E6D-305C-4E63-94C7-799E9C8B9B88}.Debug|Any CPU.Build.0 = Debug|Any CPU
		{A6447E6D-305C-4E63-94C7-799E9C8B9B88}.Release|Any CPU.ActiveCfg = Release|Any CPU
		{A6447E6D-305C-4E63-94C7-799E9C8B9B88}.Release|Any CPU.Build.0 = Release|Any CPU
		{83CDB116-30BD-44F2-AC3E-F7BFB934A2F9}.Debug|Any CPU.ActiveCfg = Debug|Any CPU
		{83CDB116-30BD-44F2-AC3E-F7BFB934A2F9}.Debug|Any CPU.Build.0 = Debug|Any CPU
		{83CDB116-30BD-44F2-AC3E-F7BFB934A2F9}.Release|Any CPU.ActiveCfg = Release|Any CPU
		{83CDB116-30BD-44F2-AC3E-F7BFB934A2F9}.Release|Any CPU.Build.0 = Release|Any CPU
		{371B6645-DCE6-40B8-83D3-8224271D35D0}.Debug|Any CPU.ActiveCfg = Debug|Any CPU
		{371B6645-DCE6-40B8-83D3-8224271D35D0}.Debug|Any CPU.Build.0 = Debug|Any CPU
		{371B6645-DCE6-40B8-83D3-8224271D35D0}.Release|Any CPU.ActiveCfg = Release|Any CPU
		{371B6645-DCE6-40B8-83D3-8224271D35D0}.Release|Any CPU.Build.0 = Release|Any CPU
		{DFE7A755-A50F-4046-B530-BC10155227E9}.Debug|Any CPU.ActiveCfg = Debug|Any CPU
		{DFE7A755-A50F-4046-B530-BC10155227E9}.Debug|Any CPU.Build.0 = Debug|Any CPU
		{DFE7A755-A50F-4046-B530-BC10155227E9}.Release|Any CPU.ActiveCfg = Release|Any CPU
		{DFE7A755-A50F-4046-B530-BC10155227E9}.Release|Any CPU.Build.0 = Release|Any CPU
	EndGlobalSection
	GlobalSection(SolutionProperties) = preSolution
		HideSolutionNode = FALSE
	EndGlobalSection
	GlobalSection(NestedProjects) = preSolution
		{A6F89245-A525-4B03-BB93-A05C144A208F} = {9611B1F6-EE25-4FE9-BBFD-E08041533CC6}
		{210E1EE8-9409-4CD8-B338-80759AEF7301} = {9611B1F6-EE25-4FE9-BBFD-E08041533CC6}
		{9558AFBF-8EA1-4DB1-9434-D9926A30ABE0} = {A6F89245-A525-4B03-BB93-A05C144A208F}
		{50BD695B-355E-4B7E-91CC-2123C093BB11} = {A6F89245-A525-4B03-BB93-A05C144A208F}
		{B6E67273-E560-4484-A847-182CF0D8DF20} = {A6F89245-A525-4B03-BB93-A05C144A208F}
		{574C2CAC-FD87-49B0-B468-3E4A336EE5EB} = {A6F89245-A525-4B03-BB93-A05C144A208F}
		{1C054426-FACB-4F5A-ADB4-3FC2B6363726} = {A6F89245-A525-4B03-BB93-A05C144A208F}
		{153CD5C8-831F-47F7-B9E3-CA6131EA39DF} = {A6F89245-A525-4B03-BB93-A05C144A208F}
		{83CF0737-A1BE-4E29-836C-111797C4137F} = {210E1EE8-9409-4CD8-B338-80759AEF7301}
		{0B6B7DEB-2005-4472-AF77-424D6488CF66} = {210E1EE8-9409-4CD8-B338-80759AEF7301}
		{F4FA8077-FD7D-4ED2-B7C2-66EAB6E151D8} = {83CF0737-A1BE-4E29-836C-111797C4137F}
		{1C48F66B-DBCA-4508-A11C-88D3263A9E64} = {83CF0737-A1BE-4E29-836C-111797C4137F}
		{D6913A90-DEC6-4A5B-B877-1BB43E0A6B8C} = {83CF0737-A1BE-4E29-836C-111797C4137F}
		{6B646C19-C58C-420C-B3F9-76ACA5774BF0} = {83CF0737-A1BE-4E29-836C-111797C4137F}
		{5AC6200E-DEDE-4B13-939D-4013B83C1C50} = {83CF0737-A1BE-4E29-836C-111797C4137F}
		{F56F92A4-D03F-4A4F-8C34-6AD9E48DFC82} = {0B6B7DEB-2005-4472-AF77-424D6488CF66}
		{A5E1DC2C-1423-4FF3-A4C2-69CB452D503B} = {0B6B7DEB-2005-4472-AF77-424D6488CF66}
		{D7BEAE38-6C16-4772-BCC9-5E4F32441A10} = {0B6B7DEB-2005-4472-AF77-424D6488CF66}
		{D05EA9C7-1658-485C-8A47-F9718914BBDE} = {0B6B7DEB-2005-4472-AF77-424D6488CF66}
		{D34AE87D-26F4-4041-9122-11BA6F369902} = {0B6B7DEB-2005-4472-AF77-424D6488CF66}
		{1CFCAFB5-C57F-41F2-BA9D-FB08A341844F} = {A6F89245-A525-4B03-BB93-A05C144A208F}
		{6237FA61-EAF4-4611-8A1A-2058CEA3E558} = {A6F89245-A525-4B03-BB93-A05C144A208F}
		{DA706187-CF95-4E4C-8736-B2D085EA2606} = {A6F89245-A525-4B03-BB93-A05C144A208F}
		{E2AD11C3-FEF2-4DE6-B8FA-13ED7FC27B69} = {7EB0B6A3-F14C-4C26-ADDB-57A4FA65A849}
		{A6447E6D-305C-4E63-94C7-799E9C8B9B88} = {A6F89245-A525-4B03-BB93-A05C144A208F}
		{83CDB116-30BD-44F2-AC3E-F7BFB934A2F9} = {A6F89245-A525-4B03-BB93-A05C144A208F}
		{371B6645-DCE6-40B8-83D3-8224271D35D0} = {A6F89245-A525-4B03-BB93-A05C144A208F}
		{DFE7A755-A50F-4046-B530-BC10155227E9} = {A6F89245-A525-4B03-BB93-A05C144A208F}
	EndGlobalSection
	GlobalSection(ExtensibilityGlobals) = postSolution
		SolutionGuid = {24B08683-DB84-490D-9E07-E40053E7ECDC}
	EndGlobalSection
EndGlobal
